dependencies:
- name: common
  repository: oci://registry-1.docker.io/cloudpirates
  version: 1.0.0
- name: valkey
  repository: oci://registry-1.docker.io/cloudpirates
  version: 0.1.5
digest: sha256:a44f2ac1cb6fb27fa95892e16b687760b95a6810123927436d5688af064cd5e9
generated: "2025-09-02T09:23:19.730086533Z"
